
Microsoft Visual Studio Solution File, Format Version 12.00
# Visual Studio Version 16
VisualStudioVersion = 16.0.30621.155
MinimumVisualStudioVersion = 10.0.40219.1
Project("{FAE04EC0-301F-11D3-BF4B-00C04F79EFBC}") = "NumberLineJumps", "NumberLineJumps\NumberLineJumps.csproj", "{0305CB17-61E3-4E36-8165-1505DC1317C9}"
EndProject
Global
	GlobalSection(SolutionConfigurationPlatforms) = preSolution
		Debug|Any CPU = Debug|Any CPU
		Release|Any CPU = Release|Any CPU
	EndGlobalSection
	GlobalSection(ProjectConfigurationPlatforms) = postSolution
		{0305CB17-61E3-4E36-8165-1505DC1317C9}.Debug|Any CPU.ActiveCfg = Debug|Any CPU
		{0305CB17-61E3-4E36-8165-1505DC1317C9}.Debug|Any CPU.Build.0 = Debug|Any CPU
		{0305CB17-61E3-4E36-8165-1505DC1317C9}.Release|Any CPU.ActiveCfg = Release|Any CPU
		{0305CB17-61E3-4E36-8165-1505DC1317C9}.Release|Any CPU.Build.0 = Release|Any CPU
	EndGlobalSection
	GlobalSection(SolutionProperties) = preSolution
		HideSolutionNode = FALSE
	EndGlobalSection
	GlobalSection(ExtensibilityGlobals) = postSolution
		SolutionGuid = {68BEE25A-268F-44BB-A62C-F7DF217203A9}
	EndGlobalSection
EndGlobal
